
Microsoft Visual Studio Solution File, Format Version 12.00
# Visual Studio Version 17
VisualStudioVersion = 17.3.32804.467
MinimumVisualStudioVersion = 10.0.40219.1
Project("{FAE04EC0-301F-11D3-BF4B-00C04F79EFBC}") = "WebApi", "WebApi.csproj", "{5F10769A-EEA6-48C1-B39A-7BC8A31A5C18}"
EndProject
Global
	GlobalSection(SolutionConfigurationPlatforms) = preSolution
		Debug|Any CPU = Debug|Any CPU
		Release|Any CPU = Release|Any CPU
	EndGlobalSection
	GlobalSection(ProjectConfigurationPlatforms) = postSolution
		{5F10769A-EEA6-48C1-B39A-7BC8A31A5C18}.Debug|Any CPU.ActiveCfg = Debug|Any CPU
		{5F10769A-EEA6-48C1-B39A-7BC8A31A5C18}.Debug|Any CPU.Build.0 = Debug|Any CPU
		{5F10769A-EEA6-48C1-B39A-7BC8A31A5C18}.Release|Any CPU.ActiveCfg = Release|Any CPU
		{5F10769A-EEA6-48C1-B39A-7BC8A31A5C18}.Release|Any CPU.Build.0 = Release|Any CPU
	EndGlobalSection
	GlobalSection(SolutionProperties) = preSolution
		HideSolutionNode = FALSE
	EndGlobalSection
	GlobalSection(ExtensibilityGlobals) = postSolution
		SolutionGuid = {B08C7599-CF92-49CE-9F46-BA6EE8ADD96B}
	EndGlobalSection
EndGlobal
