
Microsoft Visual Studio Solution File, Format Version 12.00
# Visual Studio Version 17
VisualStudioVersion = 17.3.32804.467
MinimumVisualStudioVersion = 10.0.40219.1
Project("{FAE04EC0-301F-11D3-BF4B-00C04F79EFBC}") = "HttpClient", "HttpClient.csproj", "{7EE8B93B-5B12-4495-8B8A-72EE06C1FC5B}"
EndProject
Global
	GlobalSection(SolutionConfigurationPlatforms) = preSolution
		Debug|Any CPU = Debug|Any CPU
		Release|Any CPU = Release|Any CPU
	EndGlobalSection
	GlobalSection(ProjectConfigurationPlatforms) = postSolution
		{7EE8B93B-5B12-4495-8B8A-72EE06C1FC5B}.Debug|Any CPU.ActiveCfg = Debug|Any CPU
		{7EE8B93B-5B12-4495-8B8A-72EE06C1FC5B}.Debug|Any CPU.Build.0 = Debug|Any CPU
		{7EE8B93B-5B12-4495-8B8A-72EE06C1FC5B}.Release|Any CPU.ActiveCfg = Release|Any CPU
		{7EE8B93B-5B12-4495-8B8A-72EE06C1FC5B}.Release|Any CPU.Build.0 = Release|Any CPU
	EndGlobalSection
	GlobalSection(SolutionProperties) = preSolution
		HideSolutionNode = FALSE
	EndGlobalSection
	GlobalSection(ExtensibilityGlobals) = postSolution
		SolutionGuid = {5EAB4959-38FB-4D8D-A9DF-AAFC6C06A195}
	EndGlobalSection
EndGlobal
